
Microsoft Visual Studio Solution File, Format Version 12.00
Project("{FAE04EC0-301F-11D3-BF4B-00C04F79EFBC}") = "RevitDataExchangeServer", "RevitDataExchangeServer\RevitDataExchangeServer.csproj", "{081705AF-4474-463A-94F5-40A1C5AE2534}"
EndProject
Global
	GlobalSection(SolutionConfigurationPlatforms) = preSolution
		Debug|Any CPU = Debug|Any CPU
		Release|Any CPU = Release|Any CPU
	EndGlobalSection
	GlobalSection(ProjectConfigurationPlatforms) = postSolution
		{081705AF-4474-463A-94F5-40A1C5AE2534}.Debug|Any CPU.ActiveCfg = Debug|Any CPU
		{081705AF-4474-463A-94F5-40A1C5AE2534}.Debug|Any CPU.Build.0 = Debug|Any CPU
		{081705AF-4474-463A-94F5-40A1C5AE2534}.Release|Any CPU.ActiveCfg = Release|Any CPU
		{081705AF-4474-463A-94F5-40A1C5AE2534}.Release|Any CPU.Build.0 = Release|Any CPU
	EndGlobalSection
EndGlobal
